
Microsoft Visual Studio Solution File, Format Version 12.00
# Visual Studio Version 17
VisualStudioVersion = 17.9.34607.119
MinimumVisualStudioVersion = 10.0.40219.1
Project("{9A19103F-16F7-4668-BE54-9A1E7A4F7556}") = "EcommerceWeb_Server", "EcommerceWeb_Server\EcommerceWeb_Server.csproj", "{26356F38-05D4-4E80-B061-B7DFC98A07F2}"
EndProject
Project("{9A19103F-16F7-4668-BE54-9A1E7A4F7556}") = "EcommerceWeb_Client", "EcommerceWeb_Client\EcommerceWeb_Client.csproj", "{1AB3A999-A984-4DD2-8FB4-DE301C5F38C2}"
EndProject
Project("{9A19103F-16F7-4668-BE54-9A1E7A4F7556}") = "Ecommerce_Models", "Ecommerce_Models\Ecommerce_Models.csproj", "{EBD1907E-9A4E-4E2A-BDB7-27DA678F9D62}"
EndProject
Project("{9A19103F-16F7-4668-BE54-9A1E7A4F7556}") = "Ecommerce_Business", "Ecommerce_Business\Ecommerce_Business.csproj", "{86DBA73A-B2BA-45EF-AE6B-95CECF1E21B2}"
EndProject
Project("{9A19103F-16F7-4668-BE54-9A1E7A4F7556}") = "Ecommerce_Comman", "Ecommerce_Comman\Ecommerce_Comman.csproj", "{0B064E4E-713B-4D79-A4C1-86C84291199D}"
EndProject
Project("{9A19103F-16F7-4668-BE54-9A1E7A4F7556}") = "Ecommerce_DataAccess", "Ecommerce_DataAccess\Ecommerce_DataAccess.csproj", "{8C49E092-86B0-4ED5-BB00-84D10457292C}"
EndProject
Global
	GlobalSection(SolutionConfigurationPlatforms) = preSolution
		Debug|Any CPU = Debug|Any CPU
		Release|Any CPU = Release|Any CPU
	EndGlobalSection
	GlobalSection(ProjectConfigurationPlatforms) = postSolution
		{26356F38-05D4-4E80-B061-B7DFC98A07F2}.Debug|Any CPU.ActiveCfg = Debug|Any CPU
		{26356F38-05D4-4E80-B061-B7DFC98A07F2}.Debug|Any CPU.Build.0 = Debug|Any CPU
		{26356F38-05D4-4E80-B061-B7DFC98A07F2}.Release|Any CPU.ActiveCfg = Release|Any CPU
		{26356F38-05D4-4E80-B061-B7DFC98A07F2}.Release|Any CPU.Build.0 = Release|Any CPU
		{1AB3A999-A984-4DD2-8FB4-DE301C5F38C2}.Debug|Any CPU.ActiveCfg = Debug|Any CPU
		{1AB3A999-A984-4DD2-8FB4-DE301C5F38C2}.Debug|Any CPU.Build.0 = Debug|Any CPU
		{1AB3A999-A984-4DD2-8FB4-DE301C5F38C2}.Release|Any CPU.ActiveCfg = Release|Any CPU
		{1AB3A999-A984-4DD2-8FB4-DE301C5F38C2}.Release|Any CPU.Build.0 = Release|Any CPU
		{EBD1907E-9A4E-4E2A-BDB7-27DA678F9D62}.Debug|Any CPU.ActiveCfg = Debug|Any CPU
		{EBD1907E-9A4E-4E2A-BDB7-27DA678F9D62}.Debug|Any CPU.Build.0 = Debug|Any CPU
		{EBD1907E-9A4E-4E2A-BDB7-27DA678F9D62}.Release|Any CPU.ActiveCfg = Release|Any CPU
		{EBD1907E-9A4E-4E2A-BDB7-27DA678F9D62}.Release|Any CPU.Build.0 = Release|Any CPU
		{86DBA73A-B2BA-45EF-AE6B-95CECF1E21B2}.Debug|Any CPU.ActiveCfg = Debug|Any CPU
		{86DBA73A-B2BA-45EF-AE6B-95CECF1E21B2}.Debug|Any CPU.Build.0 = Debug|Any CPU
		{86DBA73A-B2BA-45EF-AE6B-95CECF1E21B2}.Release|Any CPU.ActiveCfg = Release|Any CPU
		{86DBA73A-B2BA-45EF-AE6B-95CECF1E21B2}.Release|Any CPU.Build.0 = Release|Any CPU
		{0B064E4E-713B-4D79-A4C1-86C84291199D}.Debug|Any CPU.ActiveCfg = Debug|Any CPU
		{0B064E4E-713B-4D79-A4C1-86C84291199D}.Debug|Any CPU.Build.0 = Debug|Any CPU
		{0B064E4E-713B-4D79-A4C1-86C84291199D}.Release|Any CPU.ActiveCfg = Release|Any CPU
		{0B064E4E-713B-4D79-A4C1-86C84291199D}.Release|Any CPU.Build.0 = Release|Any CPU
		{8C49E092-86B0-4ED5-BB00-84D10457292C}.Debug|Any CPU.ActiveCfg = Debug|Any CPU
		{8C49E092-86B0-4ED5-BB00-84D10457292C}.Debug|Any CPU.Build.0 = Debug|Any CPU
		{8C49E092-86B0-4ED5-BB00-84D10457292C}.Release|Any CPU.ActiveCfg = Release|Any CPU
		{8C49E092-86B0-4ED5-BB00-84D10457292C}.Release|Any CPU.Build.0 = Release|Any CPU
	EndGlobalSection
	GlobalSection(SolutionProperties) = preSolution
		HideSolutionNode = FALSE
	EndGlobalSection
	GlobalSection(ExtensibilityGlobals) = postSolution
		SolutionGuid = {2B2BD0B9-C03C-4E57-9F6E-D25762022D17}
	EndGlobalSection
EndGlobal
